
Microsoft Visual Studio Solution File, Format Version 10.00
# Visual Studio 2008
Project("{FAE04EC0-301F-11D3-BF4B-00C04F79EFBC}") = "DevDefined.OAuth", "DevDefined.OAuth\DevDefined.OAuth.csproj", "{61B700B6-3911-4CEF-8751-7F42CA765068}"
EndProject
Project("{FAE04EC0-301F-11D3-BF4B-00C04F79EFBC}") = "DevDefined.OAuth.Tests", "DevDefined.OAuth.Tests\DevDefined.OAuth.Tests.csproj", "{86815C8E-3E6E-4176-9548-B40B2C691144}"
EndProject
Project("{FAE04EC0-301F-11D3-BF4B-00C04F79EFBC}") = "ExampleConsumerSite", "ExampleConsumerSite\ExampleConsumerSite.csproj", "{9B4F30AC-4A56-458B-A0C5-33114E2D3B16}"
EndProject
Project("{FAE04EC0-301F-11D3-BF4B-00C04F79EFBC}") = "DevDefined.OAuth.Wcf", "OAuth.Channel\DevDefined.OAuth.Wcf.csproj", "{A075D2BB-9E0E-4311-8507-930DE98F08B0}"
EndProject
Project("{FAE04EC0-301F-11D3-BF4B-00C04F79EFBC}") = "ExampleOAuthChannel", "ExampleOAuthChannel\ExampleOAuthChannel.csproj", "{69E72911-FB90-4B7F-90F9-CB798AD05CE1}"
EndProject
Project("{FAE04EC0-301F-11D3-BF4B-00C04F79EFBC}") = "OpenSocialProviderSite", "OpenSocialProviderSite\OpenSocialProviderSite.csproj", "{569CCCC4-E3A9-4C7B-914A-88192405B510}"
EndProject
Project("{FAE04EC0-301F-11D3-BF4B-00C04F79EFBC}") = "ExampleProviderSite", "ExampleProviderSite\ExampleProviderSite.csproj", "{3FADF6FA-2155-45B1-9BA8-04C46267022E}"
EndProject
Project("{2150E333-8FDC-42A3-9474-1A3956D46DE8}") = "Core", "Core", "{FA57527B-D049-4D90-AEC7-05F410C57341}"
EndProject
Project("{2150E333-8FDC-42A3-9474-1A3956D46DE8}") = "Examples", "Examples", "{3CE442AC-876C-4A9E-AFA3-2991F396E4DC}"
EndProject
Project("{2150E333-8FDC-42A3-9474-1A3956D46DE8}") = "Solution Items", "Solution Items", "{EFE6B5B1-BF67-4861-BC60-9281CD727E55}"
	ProjectSection(SolutionItems) = preProject
		Changes.txt = Changes.txt
	EndProjectSection
EndProject
Global
	GlobalSection(SolutionConfigurationPlatforms) = preSolution
		Debug|Any CPU = Debug|Any CPU
		Release|Any CPU = Release|Any CPU
	EndGlobalSection
	GlobalSection(ProjectConfigurationPlatforms) = postSolution
		{61B700B6-3911-4CEF-8751-7F42CA765068}.Debug|Any CPU.ActiveCfg = Debug|Any CPU
		{61B700B6-3911-4CEF-8751-7F42CA765068}.Debug|Any CPU.Build.0 = Debug|Any CPU
		{61B700B6-3911-4CEF-8751-7F42CA765068}.Release|Any CPU.ActiveCfg = Release|Any CPU
		{61B700B6-3911-4CEF-8751-7F42CA765068}.Release|Any CPU.Build.0 = Release|Any CPU
		{86815C8E-3E6E-4176-9548-B40B2C691144}.Debug|Any CPU.ActiveCfg = Debug|Any CPU
		{86815C8E-3E6E-4176-9548-B40B2C691144}.Debug|Any CPU.Build.0 = Debug|Any CPU
		{86815C8E-3E6E-4176-9548-B40B2C691144}.Release|Any CPU.ActiveCfg = Release|Any CPU
		{86815C8E-3E6E-4176-9548-B40B2C691144}.Release|Any CPU.Build.0 = Release|Any CPU
		{9B4F30AC-4A56-458B-A0C5-33114E2D3B16}.Debug|Any CPU.ActiveCfg = Debug|Any CPU
		{9B4F30AC-4A56-458B-A0C5-33114E2D3B16}.Debug|Any CPU.Build.0 = Debug|Any CPU
		{9B4F30AC-4A56-458B-A0C5-33114E2D3B16}.Release|Any CPU.ActiveCfg = Release|Any CPU
		{9B4F30AC-4A56-458B-A0C5-33114E2D3B16}.Release|Any CPU.Build.0 = Release|Any CPU
		{A075D2BB-9E0E-4311-8507-930DE98F08B0}.Debug|Any CPU.ActiveCfg = Debug|Any CPU
		{A075D2BB-9E0E-4311-8507-930DE98F08B0}.Debug|Any CPU.Build.0 = Debug|Any CPU
		{A075D2BB-9E0E-4311-8507-930DE98F08B0}.Release|Any CPU.ActiveCfg = Release|Any CPU
		{A075D2BB-9E0E-4311-8507-930DE98F08B0}.Release|Any CPU.Build.0 = Release|Any CPU
		{69E72911-FB90-4B7F-90F9-CB798AD05CE1}.Debug|Any CPU.ActiveCfg = Debug|Any CPU
		{69E72911-FB90-4B7F-90F9-CB798AD05CE1}.Debug|Any CPU.Build.0 = Debug|Any CPU
		{69E72911-FB90-4B7F-90F9-CB798AD05CE1}.Release|Any CPU.ActiveCfg = Release|Any CPU
		{69E72911-FB90-4B7F-90F9-CB798AD05CE1}.Release|Any CPU.Build.0 = Release|Any CPU
		{569CCCC4-E3A9-4C7B-914A-88192405B510}.Debug|Any CPU.ActiveCfg = Debug|Any CPU
		{569CCCC4-E3A9-4C7B-914A-88192405B510}.Debug|Any CPU.Build.0 = Debug|Any CPU
		{569CCCC4-E3A9-4C7B-914A-88192405B510}.Release|Any CPU.ActiveCfg = Release|Any CPU
		{569CCCC4-E3A9-4C7B-914A-88192405B510}.Release|Any CPU.Build.0 = Release|Any CPU
		{3FADF6FA-2155-45B1-9BA8-04C46267022E}.Debug|Any CPU.ActiveCfg = Debug|Any CPU
		{3FADF6FA-2155-45B1-9BA8-04C46267022E}.Debug|Any CPU.Build.0 = Debug|Any CPU
		{3FADF6FA-2155-45B1-9BA8-04C46267022E}.Release|Any CPU.ActiveCfg = Release|Any CPU
		{3FADF6FA-2155-45B1-9BA8-04C46267022E}.Release|Any CPU.Build.0 = Release|Any CPU
	EndGlobalSection
	GlobalSection(SolutionProperties) = preSolution
		HideSolutionNode = FALSE
	EndGlobalSection
	GlobalSection(NestedProjects) = preSolution
		{A075D2BB-9E0E-4311-8507-930DE98F08B0} = {FA57527B-D049-4D90-AEC7-05F410C57341}
		{86815C8E-3E6E-4176-9548-B40B2C691144} = {FA57527B-D049-4D90-AEC7-05F410C57341}
		{61B700B6-3911-4CEF-8751-7F42CA765068} = {FA57527B-D049-4D90-AEC7-05F410C57341}
		{9B4F30AC-4A56-458B-A0C5-33114E2D3B16} = {3CE442AC-876C-4A9E-AFA3-2991F396E4DC}
		{569CCCC4-E3A9-4C7B-914A-88192405B510} = {3CE442AC-876C-4A9E-AFA3-2991F396E4DC}
		{69E72911-FB90-4B7F-90F9-CB798AD05CE1} = {3CE442AC-876C-4A9E-AFA3-2991F396E4DC}
		{3FADF6FA-2155-45B1-9BA8-04C46267022E} = {3CE442AC-876C-4A9E-AFA3-2991F396E4DC}
	EndGlobalSection
EndGlobal
