
Microsoft Visual Studio Solution File, Format Version 11.00
# Visual Studio 2010
Project("{2150E333-8FDC-42A3-9474-1A3956D46DE8}") = "Solution Items", "Solution Items", "{EFE6B5B1-BF67-4861-BC60-9281CD727E55}"
	ProjectSection(SolutionItems) = preProject
		..\changes.txt = ..\changes.txt
	EndProjectSection
EndProject
Project("{FAE04EC0-301F-11D3-BF4B-00C04F79EFBC}") = "DevDefined.OAuth", "DevDefined.OAuth\DevDefined.OAuth.csproj", "{61B700B6-3911-4CEF-8751-7F42CA765068}"
EndProject
Project("{FAE04EC0-301F-11D3-BF4B-00C04F79EFBC}") = "DevDefined.OAuth.Tests", "DevDefined.OAuth.Tests\DevDefined.OAuth.Tests.csproj", "{86815C8E-3E6E-4176-9548-B40B2C691144}"
EndProject
Project("{FAE04EC0-301F-11D3-BF4B-00C04F79EFBC}") = "DevDefined.OAuth.Wcf", "DevDefined.OAuth.Wcf\DevDefined.OAuth.Wcf.csproj", "{A075D2BB-9E0E-4311-8507-930DE98F08B0}"
EndProject
Project("{FAE04EC0-301F-11D3-BF4B-00C04F79EFBC}") = "DevDefined.Oauth.IntegrationTests", "DevDefined.Oauth.IntegrationTests\DevDefined.Oauth.IntegrationTests.csproj", "{8C5EED70-661E-47D9-8131-8E4DD4FF22CF}"
EndProject
Project("{FAE04EC0-301F-11D3-BF4B-00C04F79EFBC}") = "DevDefined.OAuth.ExamplesForWiki", "DevDefined.OAuth.ExamplesForWiki\DevDefined.OAuth.ExamplesForWiki.csproj", "{2E8CA9C0-A8A7-4EE2-99D3-C51B86864B1E}"
EndProject
Global
	GlobalSection(SolutionConfigurationPlatforms) = preSolution
		Debug|Any CPU = Debug|Any CPU
		Release|Any CPU = Release|Any CPU
	EndGlobalSection
	GlobalSection(ProjectConfigurationPlatforms) = postSolution
		{61B700B6-3911-4CEF-8751-7F42CA765068}.Debug|Any CPU.ActiveCfg = Debug|Any CPU
		{61B700B6-3911-4CEF-8751-7F42CA765068}.Debug|Any CPU.Build.0 = Debug|Any CPU
		{61B700B6-3911-4CEF-8751-7F42CA765068}.Release|Any CPU.ActiveCfg = Release|Any CPU
		{61B700B6-3911-4CEF-8751-7F42CA765068}.Release|Any CPU.Build.0 = Release|Any CPU
		{86815C8E-3E6E-4176-9548-B40B2C691144}.Debug|Any CPU.ActiveCfg = Debug|Any CPU
		{86815C8E-3E6E-4176-9548-B40B2C691144}.Debug|Any CPU.Build.0 = Debug|Any CPU
		{86815C8E-3E6E-4176-9548-B40B2C691144}.Release|Any CPU.ActiveCfg = Release|Any CPU
		{86815C8E-3E6E-4176-9548-B40B2C691144}.Release|Any CPU.Build.0 = Release|Any CPU
		{A075D2BB-9E0E-4311-8507-930DE98F08B0}.Debug|Any CPU.ActiveCfg = Debug|Any CPU
		{A075D2BB-9E0E-4311-8507-930DE98F08B0}.Debug|Any CPU.Build.0 = Debug|Any CPU
		{A075D2BB-9E0E-4311-8507-930DE98F08B0}.Release|Any CPU.ActiveCfg = Release|Any CPU
		{A075D2BB-9E0E-4311-8507-930DE98F08B0}.Release|Any CPU.Build.0 = Release|Any CPU
		{8C5EED70-661E-47D9-8131-8E4DD4FF22CF}.Debug|Any CPU.ActiveCfg = Debug|Any CPU
		{8C5EED70-661E-47D9-8131-8E4DD4FF22CF}.Debug|Any CPU.Build.0 = Debug|Any CPU
		{8C5EED70-661E-47D9-8131-8E4DD4FF22CF}.Release|Any CPU.ActiveCfg = Release|Any CPU
		{8C5EED70-661E-47D9-8131-8E4DD4FF22CF}.Release|Any CPU.Build.0 = Release|Any CPU
		{2E8CA9C0-A8A7-4EE2-99D3-C51B86864B1E}.Debug|Any CPU.ActiveCfg = Debug|Any CPU
		{2E8CA9C0-A8A7-4EE2-99D3-C51B86864B1E}.Debug|Any CPU.Build.0 = Debug|Any CPU
		{2E8CA9C0-A8A7-4EE2-99D3-C51B86864B1E}.Release|Any CPU.ActiveCfg = Release|Any CPU
		{2E8CA9C0-A8A7-4EE2-99D3-C51B86864B1E}.Release|Any CPU.Build.0 = Release|Any CPU
	EndGlobalSection
	GlobalSection(SolutionProperties) = preSolution
		HideSolutionNode = FALSE
	EndGlobalSection
EndGlobal
